
Microsoft Visual Studio Solution File, Format Version 12.00
# Visual Studio Version 17
VisualStudioVersion = 17.5.002.0
MinimumVisualStudioVersion = 10.0.40219.1
Project("{9A19103F-16F7-4668-BE54-9A1E7A4F7556}") = "Fereteichonapp", "Fereteichonapp.csproj", "{AB6A987F-6450-4F0F-B3AA-CC006942A61C}"
EndProject
Global
	GlobalSection(SolutionConfigurationPlatforms) = preSolution
		Debug|Any CPU = Debug|Any CPU
		Release|Any CPU = Release|Any CPU
	EndGlobalSection
	GlobalSection(ProjectConfigurationPlatforms) = postSolution
		{AB6A987F-6450-4F0F-B3AA-CC006942A61C}.Debug|Any CPU.ActiveCfg = Debug|Any CPU
		{AB6A987F-6450-4F0F-B3AA-CC006942A61C}.Debug|Any CPU.Build.0 = Debug|Any CPU
		{AB6A987F-6450-4F0F-B3AA-CC006942A61C}.Release|Any CPU.ActiveCfg = Release|Any CPU
		{AB6A987F-6450-4F0F-B3AA-CC006942A61C}.Release|Any CPU.Build.0 = Release|Any CPU
	EndGlobalSection
	GlobalSection(SolutionProperties) = preSolution
		HideSolutionNode = FALSE
	EndGlobalSection
	GlobalSection(ExtensibilityGlobals) = postSolution
		SolutionGuid = {B03ADD99-D2F8-4647-A187-EB9EC1E5F10C}
	EndGlobalSection
EndGlobal
